
Microsoft Visual Studio Solution File, Format Version 12.00
# Visual Studio Version 17
VisualStudioVersion = 17.3.32929.385
MinimumVisualStudioVersion = 10.0.40219.1
Project("{FAE04EC0-301F-11D3-BF4B-00C04F79EFBC}") = "KOXP-1", "KOXP-1\KOXP-1.csproj", "{87275628-7DBB-460A-A57B-3B53AC294936}"
EndProject
Global
	GlobalSection(SolutionConfigurationPlatforms) = preSolution
		Debug|Any CPU = Debug|Any CPU
		Release|Any CPU = Release|Any CPU
	EndGlobalSection
	GlobalSection(ProjectConfigurationPlatforms) = postSolution
		{87275628-7DBB-460A-A57B-3B53AC294936}.Debug|Any CPU.ActiveCfg = Debug|Any CPU
		{87275628-7DBB-460A-A57B-3B53AC294936}.Debug|Any CPU.Build.0 = Debug|Any CPU
		{87275628-7DBB-460A-A57B-3B53AC294936}.Release|Any CPU.ActiveCfg = Release|Any CPU
		{87275628-7DBB-460A-A57B-3B53AC294936}.Release|Any CPU.Build.0 = Release|Any CPU
	EndGlobalSection
	GlobalSection(SolutionProperties) = preSolution
		HideSolutionNode = FALSE
	EndGlobalSection
	GlobalSection(ExtensibilityGlobals) = postSolution
		SolutionGuid = {B0333546-D814-4C65-A9DD-5685EBF7ED05}
	EndGlobalSection
EndGlobal
